{
  "name": "@lisperati/ezbitmap",
  "version": "0.5.10",
  "lockfileVersion": 2,
  "requires": true,
  "packages": {
    "": {
      "name": "@lisperati/ezbitmap",
      "version": "0.5.10",
      "dependencies": {
        "xbr-js": "^2.0.1"
      }
    },
    "node_modules/xbr-js": {
      "version": "2.0.1",
      "resolved": "https://registry.npmjs.org/xbr-js/-/xbr-js-2.0.1.tgz",
      "integrity": "sha512-uKMrCZ4doruNbak2PzsMnZm20BvgHHnHpkzuCkQiHTotOysLNZA8TVDX7SYGTMNeTPYdTaco0lux2+zLTIm11w=="
    }
  },
  "dependencies": {
    "xbr-js": {
      "version": "2.0.1",
      "resolved": "https://registry.npmjs.org/xbr-js/-/xbr-js-2.0.1.tgz",
      "integrity": "sha512-uKMrCZ4doruNbak2PzsMnZm20BvgHHnHpkzuCkQiHTotOysLNZA8TVDX7SYGTMNeTPYdTaco0lux2+zLTIm11w=="
    }
  }
}
